<?xml version="1.0" encoding="utf-8"?>
<Project ToolsVersion="4.0" xmlns="http://schemas.microsoft.com/developer/msbuild/2003">
  <ItemGroup>
    <Filter Include="Source Files">
      <UniqueIdentifier>{a74e676c-a7d2-4509-8f35-3abfa8231bc1}</UniqueIdentifier>
      <Extensions>cpp;c;cxx;rc;def;r;odl;idl;hpj;bat</Extensions>
    </Filter>
    <Filter Include="Header Files">
      <UniqueIdentifier>{33eb7f43-16a2-42bd-b05d-4beab5f90221}</UniqueIdentifier>
      <Extensions>h;hpp;hxx;hm;inl</Extensions>
    </Filter>
    <Filter Include="Resource Files">
      <UniqueIdentifier>{f6393462-cce4-49da-b423-dac01721bf22}</UniqueIdentifier>
      <Extensions>ico;cur;bmp;dlg;rc2;rct;bin;rgs;gif;jpg;jpeg;jpe</Extensions>
    </Filter>
  </ItemGroup>
  <ItemGroup>
    <ClCompile Include="Certify.cpp">
      <Filter>Source Files</Filter>
    </ClCompile>
    <ClCompile Include="CertifyCtl.cpp">
      <Filter>Source Files</Filter>
    </ClCompile>
    <ClCompile Include="CertifyPpg.cpp">
      <Filter>Source Files</Filter>
    </ClCompile>
    <ClCompile Include="countPass.cpp">
      <Filter>Source Files</Filter>
    </ClCompile>
    <ClCompile Include="ExitPass.cpp">
      <Filter>Source Files</Filter>
    </ClCompile>
    <ClCompile Include="guide.cpp">
      <Filter>Source Files</Filter>
    </ClCompile>
    <ClCompile Include="invalid.cpp">
      <Filter>Source Files</Filter>
    </ClCompile>
    <ClCompile Include="issue.cpp">
      <Filter>Source Files</Filter>
    </ClCompile>
    <ClCompile Include="overPass.cpp">
      <Filter>Source Files</Filter>
    </ClCompile>
    <ClCompile Include="PassInput.cpp">
      <Filter>Source Files</Filter>
    </ClCompile>
    <ClCompile Include="StdAfx.cpp">
      <Filter>Source Files</Filter>
    </ClCompile>
  </ItemGroup>
  <ItemGroup>
    <Midl Include="Certify.odl">
      <Filter>Source Files</Filter>
    </Midl>
  </ItemGroup>
  <ItemGroup>
    <ResourceCompile Include="Certify.rc">
      <Filter>Source Files</Filter>
    </ResourceCompile>
  </ItemGroup>
  <ItemGroup>
    <ClInclude Include="Certify.h">
      <Filter>Header Files</Filter>
    </ClInclude>
    <ClInclude Include="CertifyCtl.h">
      <Filter>Header Files</Filter>
    </ClInclude>
    <ClInclude Include="CertifyPpg.h">
      <Filter>Header Files</Filter>
    </ClInclude>
    <ClInclude Include="countPass.h">
      <Filter>Header Files</Filter>
    </ClInclude>
    <ClInclude Include="ExitPass.h">
      <Filter>Header Files</Filter>
    </ClInclude>
    <ClInclude Include="guide.h">
      <Filter>Header Files</Filter>
    </ClInclude>
    <ClInclude Include="invalid.h">
      <Filter>Header Files</Filter>
    </ClInclude>
    <ClInclude Include="issue.h">
      <Filter>Header Files</Filter>
    </ClInclude>
    <ClInclude Include="overPass.h">
      <Filter>Header Files</Filter>
    </ClInclude>
    <ClInclude Include="PassInput.h">
      <Filter>Header Files</Filter>
    </ClInclude>
    <ClInclude Include="Resource.h">
      <Filter>Header Files</Filter>
    </ClInclude>
    <ClInclude Include="StdAfx.h">
      <Filter>Header Files</Filter>
    </ClInclude>
  </ItemGroup>
  <ItemGroup>
    <Image Include="CertifyCtl.bmp">
      <Filter>Resource Files</Filter>
    </Image>
  </ItemGroup>
  <ItemGroup>
    <Text Include="ReadMe.txt" />
  </ItemGroup>
  <ItemGroup>
    <CustomBuild Include="Certify.def">
      <Filter>Source Files</Filter>
    </CustomBuild>
  </ItemGroup>
</Project>