<?xml version="1.0" encoding="utf-8"?>
<Project ToolsVersion="4.0" xmlns="http://schemas.microsoft.com/developer/msbuild/2003">
  <ItemGroup>
    <Filter Include="Source Files">
      <UniqueIdentifier>{0759aa04-af7c-4474-9f50-1209a48fe7bb}</UniqueIdentifier>
      <Extensions>cpp;c;cxx;rc;def;r;odl;idl;hpj;bat</Extensions>
    </Filter>
    <Filter Include="Header Files">
      <UniqueIdentifier>{0ddc5ce7-8a1f-4184-bcc3-b8f787db1ae4}</UniqueIdentifier>
      <Extensions>h;hpp;hxx;hm;inl</Extensions>
    </Filter>
    <Filter Include="Resource Files">
      <UniqueIdentifier>{26491ecf-8418-4921-8dd1-dc6a6bfe2326}</UniqueIdentifier>
      <Extensions>ico;cur;bmp;dlg;rc2;rct;bin;rgs;gif;jpg;jpeg;jpe</Extensions>
    </Filter>
  </ItemGroup>
  <ItemGroup>
    <ClCompile Include="colorCombo.cpp">
      <Filter>Source Files</Filter>
    </ClCompile>
    <ClCompile Include="fontNameCombo.cpp">
      <Filter>Source Files</Filter>
    </ClCompile>
    <ClCompile Include="fontSizeCombo.cpp">
      <Filter>Source Files</Filter>
    </ClCompile>
    <ClCompile Include="fx_misc.cpp">
      <Filter>Source Files</Filter>
    </ClCompile>
    <ClCompile Include="fxBasketTree.cpp">
      <Filter>Source Files</Filter>
    </ClCompile>
    <ClCompile Include="fxButton.cpp">
      <Filter>Source Files</Filter>
    </ClCompile>
    <ClCompile Include="fxCodeCtrl.cpp">
      <Filter>Source Files</Filter>
    </ClCompile>
    <ClCompile Include="fxColorPopup.cpp">
      <Filter>Source Files</Filter>
    </ClCompile>
    <ClCompile Include="fxComboBox.cpp">
      <Filter>Source Files</Filter>
    </ClCompile>
    <ClCompile Include="fxEdit.cpp">
      <Filter>Source Files</Filter>
    </ClCompile>
    <ClCompile Include="fxFontDialog.cpp">
      <Filter>Source Files</Filter>
    </ClCompile>
    <ClCompile Include="fxImgButton.cpp">
      <Filter>Source Files</Filter>
    </ClCompile>
    <ClCompile Include="fxLineStyleCombo.cpp">
      <Filter>Source Files</Filter>
    </ClCompile>
    <ClCompile Include="fxSheet.cpp">
      <Filter>Source Files</Filter>
    </ClCompile>
    <ClCompile Include="fxSpin.cpp">
      <Filter>Source Files</Filter>
    </ClCompile>
    <ClCompile Include="fxSpinEx.cpp">
      <Filter>Source Files</Filter>
    </ClCompile>
    <ClCompile Include="fxStatic.cpp">
      <Filter>Source Files</Filter>
    </ClCompile>
    <ClCompile Include="fxTabCtrl.cpp">
      <Filter>Source Files</Filter>
    </ClCompile>
    <ClCompile Include="LBSpinButtonCtrl.cpp">
      <Filter>Source Files</Filter>
    </ClCompile>
    <ClCompile Include="StdAfx.cpp">
      <Filter>Source Files</Filter>
    </ClCompile>
    <ClCompile Include="AxBitmap.cpp">
      <Filter>Source Files</Filter>
    </ClCompile>
    <ClCompile Include="CfxTab.cpp">
      <Filter>Header Files</Filter>
    </ClCompile>
  </ItemGroup>
  <ItemGroup>
    <ResourceCompile Include="fx_misc.rc">
      <Filter>Source Files</Filter>
    </ResourceCompile>
  </ItemGroup>
  <ItemGroup>
    <ClInclude Include="colorCombo.h">
      <Filter>Header Files</Filter>
    </ClInclude>
    <ClInclude Include="fontNameCombo.h">
      <Filter>Header Files</Filter>
    </ClInclude>
    <ClInclude Include="fontSizeCombo.h">
      <Filter>Header Files</Filter>
    </ClInclude>
    <ClInclude Include="fxBasketTree.h">
      <Filter>Header Files</Filter>
    </ClInclude>
    <ClInclude Include="fxButton.h">
      <Filter>Header Files</Filter>
    </ClInclude>
    <ClInclude Include="fxCodeCtrl.h">
      <Filter>Header Files</Filter>
    </ClInclude>
    <ClInclude Include="fxColorPopup.h">
      <Filter>Header Files</Filter>
    </ClInclude>
    <ClInclude Include="fxComboBox.h">
      <Filter>Header Files</Filter>
    </ClInclude>
    <ClInclude Include="fxEdit.h">
      <Filter>Header Files</Filter>
    </ClInclude>
    <ClInclude Include="fxFontDialog.h">
      <Filter>Header Files</Filter>
    </ClInclude>
    <ClInclude Include="fxImgButton.h">
      <Filter>Header Files</Filter>
    </ClInclude>
    <ClInclude Include="fxLineStyleCombo.h">
      <Filter>Header Files</Filter>
    </ClInclude>
    <ClInclude Include="fxSheet.h">
      <Filter>Header Files</Filter>
    </ClInclude>
    <ClInclude Include="fxSpin.h">
      <Filter>Header Files</Filter>
    </ClInclude>
    <ClInclude Include="fxSpinEx.h">
      <Filter>Header Files</Filter>
    </ClInclude>
    <ClInclude Include="fxStatic.h">
      <Filter>Header Files</Filter>
    </ClInclude>
    <ClInclude Include="fxTabCtrl.h">
      <Filter>Header Files</Filter>
    </ClInclude>
    <ClInclude Include="LBSpinButtonCtrl.h">
      <Filter>Header Files</Filter>
    </ClInclude>
    <ClInclude Include="memDc.h">
      <Filter>Header Files</Filter>
    </ClInclude>
    <ClInclude Include="misctype.h">
      <Filter>Header Files</Filter>
    </ClInclude>
    <ClInclude Include="Resource.h">
      <Filter>Header Files</Filter>
    </ClInclude>
    <ClInclude Include="StdAfx.h">
      <Filter>Header Files</Filter>
    </ClInclude>
    <ClInclude Include="AxBitmap.h">
      <Filter>Header Files</Filter>
    </ClInclude>
    <ClInclude Include="CfxTab.h">
      <Filter>Header Files</Filter>
    </ClInclude>
  </ItemGroup>
  <ItemGroup>
    <CustomBuild Include="fx_misc.def">
      <Filter>Source Files</Filter>
    </CustomBuild>
    <CustomBuild Include="res\fx_misc.rc2">
      <Filter>Resource Files</Filter>
    </CustomBuild>
    <CustomBuild Include="res\sheetimg.bmp">
      <Filter>Resource Files</Filter>
    </CustomBuild>
    <CustomBuild Include="res\treeimg.bmp">
      <Filter>Resource Files</Filter>
    </CustomBuild>
    <CustomBuild Include="res\truetype.bmp">
      <Filter>Resource Files</Filter>
    </CustomBuild>
    <CustomBuild Include="ReadMe.txt" />
  </ItemGroup>
</Project>