<?xml version="1.0" encoding="utf-8"?>
<Project ToolsVersion="4.0" xmlns="http://schemas.microsoft.com/developer/msbuild/2003">
  <ItemGroup>
    <Filter Include="Source Files">
      <UniqueIdentifier>{f7a6d5d6-1e7b-4ccb-93be-d5681a0128c3}</UniqueIdentifier>
      <Extensions>cpp;c;cxx;rc;def;r;odl;idl;hpj;bat</Extensions>
    </Filter>
    <Filter Include="Header Files">
      <UniqueIdentifier>{9fba63f3-ff3a-4a3d-9919-a0351b537bf2}</UniqueIdentifier>
      <Extensions>h;hpp;hxx;hm;inl</Extensions>
    </Filter>
    <Filter Include="Resource Files">
      <UniqueIdentifier>{5d15e753-2704-4ce9-9ba4-10313ae9629e}</UniqueIdentifier>
      <Extensions>ico;cur;bmp;dlg;rc2;rct;bin;rgs;gif;jpg;jpeg;jpe</Extensions>
    </Filter>
  </ItemGroup>
  <ItemGroup>
    <ClCompile Include="CX_WEBEDGE.cpp">
      <Filter>Source Files</Filter>
    </ClCompile>
    <ClCompile Include="MainWnd.cpp">
      <Filter>Source Files</Filter>
    </ClCompile>
    <ClCompile Include="StdAfx.cpp">
      <Filter>Source Files</Filter>
    </ClCompile>
    <ClCompile Include="ViewComponent.cpp">
      <Filter>Source Files</Filter>
    </ClCompile>
    <ClCompile Include="AxBrowser.cpp">
      <Filter>Source Files</Filter>
    </ClCompile>
    <ClCompile Include="ControlWnd.cpp">
      <Filter>Source Files</Filter>
    </ClCompile>
  </ItemGroup>
  <ItemGroup>
    <Midl Include="CX_WEBEDGE.odl">
      <Filter>Source Files</Filter>
    </Midl>
  </ItemGroup>
  <ItemGroup>
    <ResourceCompile Include="CX_WEBEDGE.rc">
      <Filter>Source Files</Filter>
    </ResourceCompile>
  </ItemGroup>
  <ItemGroup>
    <ClInclude Include="CX_WEBEDGE.h">
      <Filter>Header Files</Filter>
    </ClInclude>
    <ClInclude Include="MainWnd.h">
      <Filter>Header Files</Filter>
    </ClInclude>
    <ClInclude Include="Resource.h">
      <Filter>Header Files</Filter>
    </ClInclude>
    <ClInclude Include="StdAfx.h">
      <Filter>Header Files</Filter>
    </ClInclude>
    <ClInclude Include="ViewComponent.h">
      <Filter>Header Files</Filter>
    </ClInclude>
    <ClInclude Include="ComponentBase.h">
      <Filter>Header Files</Filter>
    </ClInclude>
    <ClInclude Include="AxBrowser.h">
      <Filter>Header Files</Filter>
    </ClInclude>
    <ClInclude Include="ControlWnd.h">
      <Filter>Header Files</Filter>
    </ClInclude>
  </ItemGroup>
  <ItemGroup>
    <Text Include="ReadMe.txt" />
  </ItemGroup>
  <ItemGroup>
    <CustomBuild Include="CX_WEBEDGE.def">
      <Filter>Source Files</Filter>
    </CustomBuild>
    <CustomBuild Include="res\CX_WEBEDGE.rc2">
      <Filter>Resource Files</Filter>
    </CustomBuild>
  </ItemGroup>
  <ItemGroup>
    <None Include="packages.config" />
  </ItemGroup>
  <ItemGroup>
    <Natvis Include="$(MSBuildThisFileDirectory)..\..\natvis\wil.natvis" />
  </ItemGroup>
</Project>