<?xml version="1.0" encoding="utf-8"?>
<Project ToolsVersion="4.0" xmlns="http://schemas.microsoft.com/developer/msbuild/2003">
  <ItemGroup>
    <Filter Include="Source Files">
      <UniqueIdentifier>{8da0bb86-084b-4aff-b62b-f4a3b8a92b1c}</UniqueIdentifier>
      <Extensions>cpp;c;cxx;rc;def;r;odl;idl;hpj;bat</Extensions>
    </Filter>
    <Filter Include="Header Files">
      <UniqueIdentifier>{e35d0dcc-5948-42c6-ac9b-9f7360dd3581}</UniqueIdentifier>
      <Extensions>h;hpp;hxx;hm;inl</Extensions>
    </Filter>
    <Filter Include="Resource Files">
      <UniqueIdentifier>{7f9ff484-ba73-4553-8f20-3c59ec3c53db}</UniqueIdentifier>
      <Extensions>ico;cur;bmp;dlg;rc2;rct;bin;rgs;gif;jpg;jpeg;jpe</Extensions>
    </Filter>
  </ItemGroup>
  <ItemGroup>
    <ClCompile Include="C_Total.cpp">
      <Filter>Source Files</Filter>
    </ClCompile>
    <ClCompile Include="DataChk.cpp">
      <Filter>Source Files</Filter>
    </ClCompile>
    <ClCompile Include="ExtraMsg.cpp">
      <Filter>Source Files</Filter>
    </ClCompile>
    <ClCompile Include="fileIO.cpp">
      <Filter>Source Files</Filter>
    </ClCompile>
    <ClCompile Include="libTotal.cpp">
      <Filter>Source Files</Filter>
    </ClCompile>
    <ClCompile Include="MainWnd.cpp">
      <Filter>Source Files</Filter>
    </ClCompile>
    <ClCompile Include="PnBaseWnd.cpp">
      <Filter>Source Files</Filter>
    </ClCompile>
    <ClCompile Include="PnCtrl.cpp">
      <Filter>Source Files</Filter>
    </ClCompile>
    <ClCompile Include="PnInput.cpp">
      <Filter>Source Files</Filter>
    </ClCompile>
    <ClCompile Include="PnWndCombo.cpp">
      <Filter>Source Files</Filter>
    </ClCompile>
    <ClCompile Include="..\chart dll\Common\SavedHead.cpp">
      <Filter>Source Files</Filter>
    </ClCompile>
    <ClCompile Include="StdAfx.cpp">
      <Filter>Source Files</Filter>
    </ClCompile>
  </ItemGroup>
  <ItemGroup>
    <Midl Include="C_Total.odl">
      <Filter>Source Files</Filter>
    </Midl>
  </ItemGroup>
  <ItemGroup>
    <ResourceCompile Include="C_Total.rc">
      <Filter>Source Files</Filter>
    </ResourceCompile>
  </ItemGroup>
  <ItemGroup>
    <ClInclude Include="C_Total.h">
      <Filter>Header Files</Filter>
    </ClInclude>
    <ClInclude Include="DataChk.h">
      <Filter>Header Files</Filter>
    </ClInclude>
    <ClInclude Include="ExtraMsg.h">
      <Filter>Header Files</Filter>
    </ClInclude>
    <ClInclude Include="fileIO.h">
      <Filter>Header Files</Filter>
    </ClInclude>
    <ClInclude Include="MainWnd.h">
      <Filter>Header Files</Filter>
    </ClInclude>
    <ClInclude Include="PnBaseWnd.h">
      <Filter>Header Files</Filter>
    </ClInclude>
    <ClInclude Include="PnCtrl.h">
      <Filter>Header Files</Filter>
    </ClInclude>
    <ClInclude Include="PnInput.h">
      <Filter>Header Files</Filter>
    </ClInclude>
    <ClInclude Include="PnWndCombo.h">
      <Filter>Header Files</Filter>
    </ClInclude>
    <ClInclude Include="Resource.h">
      <Filter>Header Files</Filter>
    </ClInclude>
    <ClInclude Include="..\chart dll\Common\SavedHead.h">
      <Filter>Header Files</Filter>
    </ClInclude>
    <ClInclude Include="StdAfx.h">
      <Filter>Header Files</Filter>
    </ClInclude>
  </ItemGroup>
  <ItemGroup>
    <Text Include="ReadMe.txt" />
  </ItemGroup>
  <ItemGroup>
    <CustomBuild Include="C_Total.def">
      <Filter>Source Files</Filter>
    </CustomBuild>
    <CustomBuild Include="res\C_Total.rc2">
      <Filter>Resource Files</Filter>
    </CustomBuild>
  </ItemGroup>
</Project>