<?xml version="1.0" encoding="utf-8"?>
<Project ToolsVersion="4.0" xmlns="http://schemas.microsoft.com/developer/msbuild/2003">
  <ItemGroup>
    <Filter Include="Source Files">
      <UniqueIdentifier>{9d18fc66-d9e0-4e45-92f8-9f16b961305c}</UniqueIdentifier>
      <Extensions>cpp;c;cxx;rc;def;r;odl;idl;hpj;bat</Extensions>
    </Filter>
    <Filter Include="Header Files">
      <UniqueIdentifier>{edc6c3ba-b7ec-4c2f-81d3-ce5e8ff090ab}</UniqueIdentifier>
      <Extensions>h;hpp;hxx;hm;inl</Extensions>
    </Filter>
    <Filter Include="Resource Files">
      <UniqueIdentifier>{b2d5f1a9-0964-42b1-ad9a-088909094433}</UniqueIdentifier>
      <Extensions>ico;cur;bmp;dlg;rc2;rct;bin;rgs;gif;jpg;jpeg;jpe</Extensions>
    </Filter>
  </ItemGroup>
  <ItemGroup>
    <ClCompile Include="MainWnd.cpp">
      <Filter>Source Files</Filter>
    </ClCompile>
    <ClCompile Include="StdAfx.cpp">
      <Filter>Source Files</Filter>
    </ClCompile>
    <ClCompile Include="testctrl.cpp">
      <Filter>Source Files</Filter>
    </ClCompile>
    <ClCompile Include="CDlg.cpp">
      <Filter>Source Files</Filter>
    </ClCompile>
    <ClCompile Include="CGrpWnd.cpp">
      <Filter>Source Files</Filter>
    </ClCompile>
    <ClCompile Include="CGrp_Base.cpp">
      <Filter>Source Files</Filter>
    </ClCompile>
    <ClCompile Include="CGrp_Bar.cpp">
      <Filter>Source Files</Filter>
    </ClCompile>
    <ClCompile Include="CGrp_Data.cpp">
      <Filter>Source Files</Filter>
    </ClCompile>
    <ClCompile Include="CGrp_Line.cpp">
      <Filter>Source Files</Filter>
    </ClCompile>
    <ClCompile Include="CGrp_VBar.cpp">
      <Filter>Source Files</Filter>
    </ClCompile>
    <ClCompile Include="CCtrlWnd.cpp">
      <Filter>Source Files</Filter>
    </ClCompile>
    <ClCompile Include="CCrossLine.cpp">
      <Filter>Source Files</Filter>
    </ClCompile>
    <ClCompile Include="CToolTip.cpp">
      <Filter>Source Files</Filter>
    </ClCompile>
    <ClCompile Include="Ctrl.cpp">
      <Filter>Source Files</Filter>
    </ClCompile>
  </ItemGroup>
  <ItemGroup>
    <Midl Include="testctrl.odl">
      <Filter>Source Files</Filter>
    </Midl>
  </ItemGroup>
  <ItemGroup>
    <ResourceCompile Include="testctrl.rc">
      <Filter>Source Files</Filter>
    </ResourceCompile>
  </ItemGroup>
  <ItemGroup>
    <ClInclude Include="MainWnd.h">
      <Filter>Header Files</Filter>
    </ClInclude>
    <ClInclude Include="Resource.h">
      <Filter>Header Files</Filter>
    </ClInclude>
    <ClInclude Include="StdAfx.h">
      <Filter>Header Files</Filter>
    </ClInclude>
    <ClInclude Include="testctrl.h">
      <Filter>Header Files</Filter>
    </ClInclude>
    <ClInclude Include="CDlg.h">
      <Filter>Header Files</Filter>
    </ClInclude>
    <ClInclude Include="CGrpWnd.h">
      <Filter>Header Files</Filter>
    </ClInclude>
    <ClInclude Include="CGrp_Base.h">
      <Filter>Header Files</Filter>
    </ClInclude>
    <ClInclude Include="CGrp_Bar.h">
      <Filter>Header Files</Filter>
    </ClInclude>
    <ClInclude Include="CGrp_Data.h">
      <Filter>Header Files</Filter>
    </ClInclude>
    <ClInclude Include="CGrp_Line.h">
      <Filter>Header Files</Filter>
    </ClInclude>
    <ClInclude Include="CGrp_VBar.h">
      <Filter>Header Files</Filter>
    </ClInclude>
    <ClInclude Include="CCtrlWnd.h">
      <Filter>Header Files</Filter>
    </ClInclude>
    <ClInclude Include="CCrossLine.h">
      <Filter>Header Files</Filter>
    </ClInclude>
    <ClInclude Include="CToolTip.h">
      <Filter>Header Files</Filter>
    </ClInclude>
    <ClInclude Include="Ctrl.h">
      <Filter>Header Files</Filter>
    </ClInclude>
  </ItemGroup>
  <ItemGroup>
    <Text Include="ReadMe.txt" />
  </ItemGroup>
  <ItemGroup>
    <CustomBuild Include="testctrl.def">
      <Filter>Source Files</Filter>
    </CustomBuild>
    <CustomBuild Include="res\testctrl.rc2">
      <Filter>Resource Files</Filter>
    </CustomBuild>
  </ItemGroup>
</Project>